
Microsoft Visual Studio Solution File, Format Version 12.00
# Visual Studio Version 16
VisualStudioVersion = 16.0.29306.81
MinimumVisualStudioVersion = 10.0.40219.1
Project("{8BC9CEB8-8B4A-11D0-8D11-00A0C91BC942}") = "LCM_LeastCommonMultiple", "LCM_LeastCommonMultiple.vcxproj", "{E2D07CCA-0AAD-4F38-A507-72C3E06BE638}"
EndProject
Global
	GlobalSection(SolutionConfigurationPlatforms) = preSolution
		Debug|x64 = Debug|x64
		Debug|x86 = Debug|x86
		Release|x64 = Release|x64
		Release|x86 = Release|x86
	EndGlobalSection
	GlobalSection(ProjectConfigurationPlatforms) = postSolution
		{E2D07CCA-0AAD-4F38-A507-72C3E06BE638}.Debug|x64.ActiveCfg = Debug|x64
		{E2D07CCA-0AAD-4F38-A507-72C3E06BE638}.Debug|x64.Build.0 = Debug|x64
		{E2D07CCA-0AAD-4F38-A507-72C3E06BE638}.Debug|x86.ActiveCfg = Debug|Win32
		{E2D07CCA-0AAD-4F38-A507-72C3E06BE638}.Debug|x86.Build.0 = Debug|Win32
		{E2D07CCA-0AAD-4F38-A507-72C3E06BE638}.Release|x64.ActiveCfg = Release|x64
		{E2D07CCA-0AAD-4F38-A507-72C3E06BE638}.Release|x64.Build.0 = Release|x64
		{E2D07CCA-0AAD-4F38-A507-72C3E06BE638}.Release|x86.ActiveCfg = Release|Win32
		{E2D07CCA-0AAD-4F38-A507-72C3E06BE638}.Release|x86.Build.0 = Release|Win32
	EndGlobalSection
	GlobalSection(SolutionProperties) = preSolution
		HideSolutionNode = FALSE
	EndGlobalSection
	GlobalSection(ExtensibilityGlobals) = postSolution
		SolutionGuid = {D8A8508B-401B-44EC-A2DD-19583D5AF8D3}
	EndGlobalSection
EndGlobal
